
Microsoft Visual Studio Solution File, Format Version 12.00
# Visual Studio Version 17
VisualStudioVersion = 17.4.33122.133
MinimumVisualStudioVersion = 10.0.40219.1
Project("{FAE04EC0-301F-11D3-BF4B-00C04F79EFBC}") = "TelemetryJsonService", "TelemetryJsonService.csproj", "{97231E83-E311-463A-8269-ECE101413797}"
EndProject
Global
	GlobalSection(SolutionConfigurationPlatforms) = preSolution
		Debug|Any CPU = Debug|Any CPU
		Release|Any CPU = Release|Any CPU
	EndGlobalSection
	GlobalSection(ProjectConfigurationPlatforms) = postSolution
		{97231E83-E311-463A-8269-ECE101413797}.Debug|Any CPU.ActiveCfg = Debug|Any CPU
		{97231E83-E311-463A-8269-ECE101413797}.Debug|Any CPU.Build.0 = Debug|Any CPU
		{97231E83-E311-463A-8269-ECE101413797}.Release|Any CPU.ActiveCfg = Release|Any CPU
		{97231E83-E311-463A-8269-ECE101413797}.Release|Any CPU.Build.0 = Release|Any CPU
	EndGlobalSection
	GlobalSection(SolutionProperties) = preSolution
		HideSolutionNode = FALSE
	EndGlobalSection
	GlobalSection(ExtensibilityGlobals) = postSolution
		SolutionGuid = {C46C5EC1-8FEE-4D0A-A5C4-D6F242DFFDE7}
	EndGlobalSection
EndGlobal
